RESTRICTION: == net10.0
NUGET
  remote: https://api.nuget.org/v3/index.json
    DotNetEnv (3.1.1)
      Microsoft.Extensions.Configuration (>= 1.1.2)
      Microsoft.Extensions.Configuration.Abstractions (>= 1.1.2)
      NETStandard.Library (>= 1.6.1)
      Sprache (>= 2.3.1)
      System.Net.Http (>= 4.3.4)
      System.Text.RegularExpressions (>= 4.3.1)
    DrBiber (0.1)
      DynamicObj (>= 4.0.3)
      Fable.Core (>= 4.3)
      FSharp.Core (>= 8.0.400)
      FSharpAux.Core (>= 2.0)
    DynamicObj (7.1)
      Fable.Core (>= 4.3)
      FSharp.Core (>= 8.0.403)
    Fable.Core (4.5)
    FSharp.Core (10.1.202)
    FSharp.Data (6.4)
      FSharp.Core (>= 6.0.1)
      FSharp.Data.Csv.Core (>= 6.4)
      FSharp.Data.Html.Core (>= 6.4)
      FSharp.Data.Http (>= 6.4)
      FSharp.Data.Json.Core (>= 6.4)
      FSharp.Data.Runtime.Utilities (>= 6.4)
      FSharp.Data.WorldBank.Core (>= 6.4)
      FSharp.Data.Xml.Core (>= 6.4)
    FSharp.Data.Csv.Core (8.1.8)
      FSharp.Core (>= 6.0.1)
      FSharp.Data.Runtime.Utilities (>= 8.1.8)
    FSharp.Data.Html.Core (8.1.8)
      FSharp.Core (>= 6.0.1)
      FSharp.Data.Csv.Core (>= 8.1.8)
      FSharp.Data.Json.Core (>= 8.1.8)
      FSharp.Data.Runtime.Utilities (>= 8.1.8)
    FSharp.Data.Http (8.1.8)
      FSharp.Core (>= 6.0.1)
    FSharp.Data.Json.Core (8.1.8)
      FSharp.Core (>= 6.0.1)
      FSharp.Data.Http (>= 8.1.8)
      FSharp.Data.Runtime.Utilities (>= 8.1.8)
    FSharp.Data.Runtime.Utilities (8.1.8)
      FSharp.Core (>= 6.0.1)
      FSharp.Data.Http (>= 8.1.8)
    FSharp.Data.WorldBank.Core (8.1.8)
      FSharp.Core (>= 6.0.1)
      FSharp.Data.Http (>= 8.1.8)
      FSharp.Data.Json.Core (>= 8.1.8)
      FSharp.Data.Runtime.Utilities (>= 8.1.8)
    FSharp.Data.Xml.Core (8.1.8)
      FSharp.Core (>= 6.0.1)
      FSharp.Data.Http (>= 8.1.8)
      FSharp.Data.Json.Core (>= 8.1.8)
      FSharp.Data.Runtime.Utilities (>= 8.1.8)
    FSharpAux.Core (2.1)
      FSharp.Core (>= 8.0.100)
    Microsoft.Extensions.Configuration (10.0.6)
      Microsoft.Extensions.Configuration.Abstractions (>= 10.0.6)
      Microsoft.Extensions.Primitives (>= 10.0.6)
    Microsoft.Extensions.Configuration.Abstractions (10.0.6)
      Microsoft.Extensions.Primitives (>= 10.0.6)
    Microsoft.Extensions.Primitives (10.0.6)
    Microsoft.NETCore.Platforms (7.0.4)
    Microsoft.NETCore.Targets (5.0)
    NETStandard.Library (2.0.3)
      Microsoft.NETCore.Platforms (>= 1.1)
    Octokit (1.0)
    runtime.debian.8-x64.runtime.native.System.Security.Cryptography.OpenSsl (4.3.3)
    runtime.debian.9-x64.runtime.native.System.Security.Cryptography.OpenSsl (4.3.3)
    runtime.fedora.23-x64.runtime.native.System.Security.Cryptography.OpenSsl (4.3.3)
    runtime.fedora.24-x64.runtime.native.System.Security.Cryptography.OpenSsl (4.3.3)
    runtime.fedora.27-x64.runtime.native.System.Security.Cryptography.OpenSsl (4.3.3)
    runtime.fedora.28-x64.runtime.native.System.Security.Cryptography.OpenSsl (4.3.3)
    runtime.native.System (4.3.1)
      Microsoft.NETCore.Platforms (>= 1.1.1)
      Microsoft.NETCore.Targets (>= 1.1.3)
    runtime.native.System.Net.Http (4.3.1)
      Microsoft.NETCore.Platforms (>= 1.1.1)
      Microsoft.NETCore.Targets (>= 1.1.3)
    runtime.native.System.Security.Cryptography.Apple (4.3.1)
      runtime.osx.10.10-x64.runtime.native.System.Security.Cryptography.Apple (>= 4.3.1)
    runtime.native.System.Security.Cryptography.OpenSsl (4.3.3)
      runtime.debian.8-x64.runtime.native.System.Security.Cryptography.OpenSsl (>= 4.3.3)
      runtime.debian.9-x64.runtime.native.System.Security.Cryptography.OpenSsl (>= 4.3.3)
      runtime.fedora.23-x64.runtime.native.System.Security.Cryptography.OpenSsl (>= 4.3.3)
      runtime.fedora.24-x64.runtime.native.System.Security.Cryptography.OpenSsl (>= 4.3.3)
      runtime.fedora.27-x64.runtime.native.System.Security.Cryptography.OpenSsl (>= 4.3.3)
      runtime.fedora.28-x64.runtime.native.System.Security.Cryptography.OpenSsl (>= 4.3.3)
      runtime.opensuse.13.2-x64.runtime.native.System.Security.Cryptography.OpenSsl (>= 4.3.3)
      runtime.opensuse.42.1-x64.runtime.native.System.Security.Cryptography.OpenSsl (>= 4.3.3)
      runtime.opensuse.42.3-x64.runtime.native.System.Security.Cryptography.OpenSsl (>= 4.3.3)
      runtime.osx.10.10-x64.runtime.native.System.Security.Cryptography.OpenSsl (>= 4.3.3)
      runtime.rhel.7-x64.runtime.native.System.Security.Cryptography.OpenSsl (>= 4.3.3)
      runtime.ubuntu.14.04-x64.runtime.native.System.Security.Cryptography.OpenSsl (>= 4.3.3)
      runtime.ubuntu.16.04-x64.runtime.native.System.Security.Cryptography.OpenSsl (>= 4.3.3)
      runtime.ubuntu.16.10-x64.runtime.native.System.Security.Cryptography.OpenSsl (>= 4.3.3)
      runtime.ubuntu.18.04-x64.runtime.native.System.Security.Cryptography.OpenSsl (>= 4.3.3)
    runtime.opensuse.13.2-x64.runtime.native.System.Security.Cryptography.OpenSsl (4.3.3)
    runtime.opensuse.42.1-x64.runtime.native.System.Security.Cryptography.OpenSsl (4.3.3)
    runtime.opensuse.42.3-x64.runtime.native.System.Security.Cryptography.OpenSsl (4.3.3)
    runtime.osx.10.10-x64.runtime.native.System.Security.Cryptography.Apple (4.3.1)
    runtime.osx.10.10-x64.runtime.native.System.Security.Cryptography.OpenSsl (4.3.3)
    runtime.rhel.7-x64.runtime.native.System.Security.Cryptography.OpenSsl (4.3.3)
    runtime.ubuntu.14.04-x64.runtime.native.System.Security.Cryptography.OpenSsl (4.3.3)
    runtime.ubuntu.16.04-x64.runtime.native.System.Security.Cryptography.OpenSsl (4.3.3)
    runtime.ubuntu.16.10-x64.runtime.native.System.Security.Cryptography.OpenSsl (4.3.3)
    runtime.ubuntu.18.04-x64.runtime.native.System.Security.Cryptography.OpenSsl (4.3.3)
    Sprache (2.3.1)
      System.Globalization (>= 4.3)
      System.Linq (>= 4.3)
      System.Private.Uri (>= 4.3.2)
      System.Runtime (>= 4.3)
      System.Text.RegularExpressions (>= 4.3)
    System.Collections (4.3)
      Microsoft.NETCore.Platforms (>= 1.1)
      Microsoft.NETCore.Targets (>= 1.1)
      System.Runtime (>= 4.3)
    System.Collections.Concurrent (4.3)
      System.Collections (>= 4.3)
      System.Diagnostics.Debug (>= 4.3)
      System.Diagnostics.Tracing (>= 4.3)
      System.Globalization (>= 4.3)
      System.Reflection (>= 4.3)
      System.Resources.ResourceManager (>= 4.3)
      System.Runtime (>= 4.3)
      System.Runtime.Extensions (>= 4.3)
      System.Threading (>= 4.3)
      System.Threading.Tasks (>= 4.3)
    System.Diagnostics.Debug (4.3)
      Microsoft.NETCore.Platforms (>= 1.1)
      Microsoft.NETCore.Targets (>= 1.1)
      System.Runtime (>= 4.3)
    System.Diagnostics.DiagnosticSource (10.0.6)
    System.Diagnostics.Tracing (4.3)
      Microsoft.NETCore.Platforms (>= 1.1)
      Microsoft.NETCore.Targets (>= 1.1)
      System.Runtime (>= 4.3)
    System.Formats.Asn1 (10.0.6)
    System.Globalization (4.3)
      Microsoft.NETCore.Platforms (>= 1.1)
      Microsoft.NETCore.Targets (>= 1.1)
      System.Runtime (>= 4.3)
    System.Globalization.Calendars (4.3)
      Microsoft.NETCore.Platforms (>= 1.1)
      Microsoft.NETCore.Targets (>= 1.1)
      System.Globalization (>= 4.3)
      System.Runtime (>= 4.3)
    System.Globalization.Extensions (4.3)
      Microsoft.NETCore.Platforms (>= 1.1)
      System.Globalization (>= 4.3)
      System.Resources.ResourceManager (>= 4.3)
      System.Runtime (>= 4.3)
      System.Runtime.Extensions (>= 4.3)
      System.Runtime.InteropServices (>= 4.3)
    System.IO (4.3)
      Microsoft.NETCore.Platforms (>= 1.1)
      Microsoft.NETCore.Targets (>= 1.1)
      System.Runtime (>= 4.3)
      System.Text.Encoding (>= 4.3)
      System.Threading.Tasks (>= 4.3)
    System.IO.FileSystem (4.3)
      Microsoft.NETCore.Platforms (>= 1.1)
      Microsoft.NETCore.Targets (>= 1.1)
      System.IO (>= 4.3)
      System.IO.FileSystem.Primitives (>= 4.3)
      System.Runtime (>= 4.3)
      System.Runtime.Handles (>= 4.3)
      System.Text.Encoding (>= 4.3)
      System.Threading.Tasks (>= 4.3)
    System.IO.FileSystem.Primitives (4.3)
      System.Runtime (>= 4.3)
    System.Linq (4.3)
      System.Collections (>= 4.3)
      System.Diagnostics.Debug (>= 4.3)
      System.Resources.ResourceManager (>= 4.3)
      System.Runtime (>= 4.3)
      System.Runtime.Extensions (>= 4.3)
    System.Net.Http (4.3.4)
      Microsoft.NETCore.Platforms (>= 1.1.1)
      runtime.native.System (>= 4.3)
      runtime.native.System.Net.Http (>= 4.3)
      runtime.native.System.Security.Cryptography.OpenSsl (>= 4.3.2)
      System.Collections (>= 4.3)
      System.Diagnostics.Debug (>= 4.3)
      System.Diagnostics.DiagnosticSource (>= 4.3)
      System.Diagnostics.Tracing (>= 4.3)
      System.Globalization (>= 4.3)
      System.Globalization.Extensions (>= 4.3)
      System.IO (>= 4.3)
      System.IO.FileSystem (>= 4.3)
      System.Net.Primitives (>= 4.3)
      System.Resources.ResourceManager (>= 4.3)
      System.Runtime (>= 4.3)
      System.Runtime.Extensions (>= 4.3)
      System.Runtime.Handles (>= 4.3)
      System.Runtime.InteropServices (>= 4.3)
      System.Security.Cryptography.Algorithms (>= 4.3)
      System.Security.Cryptography.Encoding (>= 4.3)
      System.Security.Cryptography.OpenSsl (>= 4.3)
      System.Security.Cryptography.Primitives (>= 4.3)
      System.Security.Cryptography.X509Certificates (>= 4.3)
      System.Text.Encoding (>= 4.3)
      System.Threading (>= 4.3)
      System.Threading.Tasks (>= 4.3)
    System.Net.Primitives (4.3.1)
      Microsoft.NETCore.Platforms (>= 1.1.1)
      Microsoft.NETCore.Targets (>= 1.1.3)
      System.Runtime (>= 4.3.1)
      System.Runtime.Handles (>= 4.3)
    System.Private.Uri (4.3.2)
      Microsoft.NETCore.Platforms (>= 1.1.1)
      Microsoft.NETCore.Targets (>= 1.1.3)
    System.Reflection (4.3)
      Microsoft.NETCore.Platforms (>= 1.1)
      Microsoft.NETCore.Targets (>= 1.1)
      System.IO (>= 4.3)
      System.Reflection.Primitives (>= 4.3)
      System.Runtime (>= 4.3)
    System.Reflection.Primitives (4.3)
      Microsoft.NETCore.Platforms (>= 1.1)
      Microsoft.NETCore.Targets (>= 1.1)
      System.Runtime (>= 4.3)
    System.Resources.ResourceManager (4.3)
      Microsoft.NETCore.Platforms (>= 1.1)
      Microsoft.NETCore.Targets (>= 1.1)
      System.Globalization (>= 4.3)
      System.Reflection (>= 4.3)
      System.Runtime (>= 4.3)
    System.Runtime (4.3.1)
      Microsoft.NETCore.Platforms (>= 1.1.1)
      Microsoft.NETCore.Targets (>= 1.1.3)
    System.Runtime.Extensions (4.3.1)
      Microsoft.NETCore.Platforms (>= 1.1.1)
      Microsoft.NETCore.Targets (>= 1.1.3)
      System.Runtime (>= 4.3.1)
    System.Runtime.Handles (4.3)
      Microsoft.NETCore.Platforms (>= 1.1)
      Microsoft.NETCore.Targets (>= 1.1)
      System.Runtime (>= 4.3)
    System.Runtime.InteropServices (4.3)
      Microsoft.NETCore.Platforms (>= 1.1)
      Microsoft.NETCore.Targets (>= 1.1)
      System.Reflection (>= 4.3)
      System.Reflection.Primitives (>= 4.3)
      System.Runtime (>= 4.3)
      System.Runtime.Handles (>= 4.3)
    System.Runtime.Numerics (4.3)
      System.Globalization (>= 4.3)
      System.Resources.ResourceManager (>= 4.3)
      System.Runtime (>= 4.3)
      System.Runtime.Extensions (>= 4.3)
    System.Security.Cryptography.Algorithms (4.3.1)
      Microsoft.NETCore.Platforms (>= 1.1)
      runtime.native.System.Security.Cryptography.Apple (>= 4.3.1)
      runtime.native.System.Security.Cryptography.OpenSsl (>= 4.3.2)
      System.Collections (>= 4.3)
      System.IO (>= 4.3)
      System.Resources.ResourceManager (>= 4.3)
      System.Runtime (>= 4.3)
      System.Runtime.Extensions (>= 4.3)
      System.Runtime.Handles (>= 4.3)
      System.Runtime.InteropServices (>= 4.3)
      System.Runtime.Numerics (>= 4.3)
      System.Security.Cryptography.Encoding (>= 4.3)
      System.Security.Cryptography.Primitives (>= 4.3)
      System.Text.Encoding (>= 4.3)
    System.Security.Cryptography.Cng (5.0)
      System.Formats.Asn1 (>= 5.0)
    System.Security.Cryptography.Csp (4.3)
      Microsoft.NETCore.Platforms (>= 1.1)
      System.IO (>= 4.3)
      System.Reflection (>= 4.3)
      System.Resources.ResourceManager (>= 4.3)
      System.Runtime (>= 4.3)
      System.Runtime.Extensions (>= 4.3)
      System.Runtime.Handles (>= 4.3)
      System.Runtime.InteropServices (>= 4.3)
      System.Security.Cryptography.Algorithms (>= 4.3)
      System.Security.Cryptography.Encoding (>= 4.3)
      System.Security.Cryptography.Primitives (>= 4.3)
      System.Text.Encoding (>= 4.3)
      System.Threading (>= 4.3)
    System.Security.Cryptography.Encoding (4.3)
      Microsoft.NETCore.Platforms (>= 1.1)
      runtime.native.System.Security.Cryptography.OpenSsl (>= 4.3)
      System.Collections (>= 4.3)
      System.Collections.Concurrent (>= 4.3)
      System.Linq (>= 4.3)
      System.Resources.ResourceManager (>= 4.3)
      System.Runtime (>= 4.3)
      System.Runtime.Extensions (>= 4.3)
      System.Runtime.Handles (>= 4.3)
      System.Runtime.InteropServices (>= 4.3)
      System.Security.Cryptography.Primitives (>= 4.3)
      System.Text.Encoding (>= 4.3)
    System.Security.Cryptography.OpenSsl (5.0)
      System.Formats.Asn1 (>= 5.0)
    System.Security.Cryptography.Primitives (4.3)
      System.Diagnostics.Debug (>= 4.3)
      System.Globalization (>= 4.3)
      System.IO (>= 4.3)
      System.Resources.ResourceManager (>= 4.3)
      System.Runtime (>= 4.3)
      System.Threading (>= 4.3)
      System.Threading.Tasks (>= 4.3)
    System.Security.Cryptography.X509Certificates (4.3.2)
      Microsoft.NETCore.Platforms (>= 1.1)
      runtime.native.System (>= 4.3)
      runtime.native.System.Net.Http (>= 4.3)
      runtime.native.System.Security.Cryptography.OpenSsl (>= 4.3.2)
      System.Collections (>= 4.3)
      System.Diagnostics.Debug (>= 4.3)
      System.Globalization (>= 4.3)
      System.Globalization.Calendars (>= 4.3)
      System.IO (>= 4.3)
      System.IO.FileSystem (>= 4.3)
      System.IO.FileSystem.Primitives (>= 4.3)
      System.Resources.ResourceManager (>= 4.3)
      System.Runtime (>= 4.3)
      System.Runtime.Extensions (>= 4.3)
      System.Runtime.Handles (>= 4.3)
      System.Runtime.InteropServices (>= 4.3)
      System.Runtime.Numerics (>= 4.3)
      System.Security.Cryptography.Algorithms (>= 4.3)
      System.Security.Cryptography.Cng (>= 4.3)
      System.Security.Cryptography.Csp (>= 4.3)
      System.Security.Cryptography.Encoding (>= 4.3)
      System.Security.Cryptography.OpenSsl (>= 4.3)
      System.Security.Cryptography.Primitives (>= 4.3)
      System.Text.Encoding (>= 4.3)
      System.Threading (>= 4.3)
    System.Text.Encoding (4.3)
      Microsoft.NETCore.Platforms (>= 1.1)
      Microsoft.NETCore.Targets (>= 1.1)
      System.Runtime (>= 4.3)
    System.Text.RegularExpressions (4.3.1)
      System.Runtime (>= 4.3.1)
    System.Threading (4.3)
      System.Runtime (>= 4.3)
      System.Threading.Tasks (>= 4.3)
    System.Threading.Tasks (4.3)
      Microsoft.NETCore.Platforms (>= 1.1)
      Microsoft.NETCore.Targets (>= 1.1)
      System.Runtime (>= 4.3)
    YamlDotNet (16.3)

GROUP Build
RESTRICTION: == net10.0
NUGET
  remote: https://api.nuget.org/v3/index.json
    BlackFox.VsWhere (1.1)
      FSharp.Core (>= 4.2.3)
      Microsoft.Win32.Registry (>= 4.7)
    Fake.Core.CommandLineParsing (6.1.4)
      FParsec (>= 1.1.1)
      FSharp.Core (>= 8.0.400)
    Fake.Core.Context (6.1.4)
      FSharp.Core (>= 8.0.400)
    Fake.Core.Environment (6.1.4)
      FSharp.Core (>= 8.0.400)
    Fake.Core.FakeVar (6.1.4)
      Fake.Core.Context (>= 6.1.4)
      FSharp.Core (>= 8.0.400)
    Fake.Core.Process (6.1.4)
      Fake.Core.Environment (>= 6.1.4)
      Fake.Core.FakeVar (>= 6.1.4)
      Fake.Core.String (>= 6.1.4)
      Fake.Core.Trace (>= 6.1.4)
      Fake.IO.FileSystem (>= 6.1.4)
      FSharp.Core (>= 8.0.400)
      System.Collections.Immutable (>= 8.0)
    Fake.Core.SemVer (6.1.4)
      FSharp.Core (>= 8.0.400)
    Fake.Core.String (6.1.4)
      FSharp.Core (>= 8.0.400)
    Fake.Core.Target (6.1.4)
      Fake.Core.CommandLineParsing (>= 6.1.4)
      Fake.Core.Context (>= 6.1.4)
      Fake.Core.Environment (>= 6.1.4)
      Fake.Core.FakeVar (>= 6.1.4)
      Fake.Core.Process (>= 6.1.4)
      Fake.Core.String (>= 6.1.4)
      Fake.Core.Trace (>= 6.1.4)
      FSharp.Control.Reactive (>= 5.0.2)
      FSharp.Core (>= 8.0.400)
    Fake.Core.Tasks (6.1.4)
      Fake.Core.Trace (>= 6.1.4)
      FSharp.Core (>= 8.0.400)
    Fake.Core.Trace (6.1.4)
      Fake.Core.Environment (>= 6.1.4)
      Fake.Core.FakeVar (>= 6.1.4)
      FSharp.Core (>= 8.0.400)
    Fake.Core.Xml (6.1.4)
      Fake.Core.String (>= 6.1.4)
      FSharp.Core (>= 8.0.400)
    Fake.DotNet.Cli (6.1.4)
      Fake.Core.Environment (>= 6.1.4)
      Fake.Core.Process (>= 6.1.4)
      Fake.Core.String (>= 6.1.4)
      Fake.Core.Trace (>= 6.1.4)
      Fake.DotNet.MSBuild (>= 6.1.4)
      Fake.DotNet.NuGet (>= 6.1.4)
      Fake.IO.FileSystem (>= 6.1.4)
      FSharp.Core (>= 8.0.400)
      Mono.Posix.NETStandard (>= 1.0)
    Fake.DotNet.MSBuild (6.1.4)
      BlackFox.VsWhere (>= 1.1)
      Fake.Core.Environment (>= 6.1.4)
      Fake.Core.Process (>= 6.1.4)
      Fake.Core.String (>= 6.1.4)
      Fake.Core.Trace (>= 6.1.4)
      Fake.IO.FileSystem (>= 6.1.4)
      FSharp.Core (>= 8.0.400)
      MSBuild.StructuredLogger (>= 2.1.815)
    Fake.DotNet.NuGet (6.1.4)
      Fake.Core.Environment (>= 6.1.4)
      Fake.Core.Process (>= 6.1.4)
      Fake.Core.SemVer (>= 6.1.4)
      Fake.Core.String (>= 6.1.4)
      Fake.Core.Tasks (>= 6.1.4)
      Fake.Core.Trace (>= 6.1.4)
      Fake.Core.Xml (>= 6.1.4)
      Fake.IO.FileSystem (>= 6.1.4)
      Fake.Net.Http (>= 6.1.4)
      FSharp.Core (>= 8.0.400)
      Newtonsoft.Json (>= 13.0.3)
      NuGet.Protocol (>= 6.12.4)
    Fake.IO.FileSystem (6.1.4)
      Fake.Core.String (>= 6.1.4)
      Fake.Core.Trace (>= 6.1.4)
      FSharp.Core (>= 8.0.400)
    Fake.Net.Http (6.1.4)
      Fake.Core.Trace (>= 6.1.4)
      FSharp.Core (>= 8.0.400)
    FParsec (1.1.1)
      FSharp.Core (>= 4.3.4)
    FSharp.Control.Reactive (6.1.2)
      FSharp.Core (>= 6.0.7)
      System.Reactive (>= 6.0.1)
    FSharp.Core (10.1.202)
    Microsoft.Build.Framework (18.4)
    Microsoft.Build.Utilities.Core (18.4)
      Microsoft.Build.Framework (>= 18.4)
      Microsoft.NET.StringTools (>= 18.4)
      System.Configuration.ConfigurationManager (>= 10.0.1)
      System.Diagnostics.EventLog (>= 10.0.1)
      System.Security.Cryptography.ProtectedData (>= 10.0.1)
    Microsoft.NET.StringTools (18.4)
    Microsoft.Win32.Registry (5.0)
      System.Security.AccessControl (>= 5.0)
      System.Security.Principal.Windows (>= 5.0)
    Mono.Posix.NETStandard (1.0)
    MSBuild.StructuredLogger (2.3.154)
      Microsoft.Build.Framework (>= 17.5)
      Microsoft.Build.Utilities.Core (>= 17.5)
    Newtonsoft.Json (13.0.4)
    NuGet.Common (7.3.1)
      NuGet.Frameworks (>= 7.3.1)
    NuGet.Configuration (7.3.1)
      NuGet.Common (>= 7.3.1)
      System.Security.Cryptography.ProtectedData (>= 8.0)
    NuGet.Frameworks (7.3.1)
    NuGet.Packaging (7.3.1)
      Newtonsoft.Json (>= 13.0.3)
      NuGet.Configuration (>= 7.3.1)
      NuGet.Versioning (>= 7.3.1)
      System.Security.Cryptography.Pkcs (>= 8.0.1)
    NuGet.Protocol (7.3.1)
      NuGet.Packaging (>= 7.3.1)
    NuGet.Versioning (7.3.1)
    System.Collections.Immutable (10.0.6)
    System.Configuration.ConfigurationManager (10.0.6)
      System.Diagnostics.EventLog (>= 10.0.6)
      System.Security.Cryptography.ProtectedData (>= 10.0.6)
    System.Diagnostics.EventLog (10.0.6)
    System.Reactive (6.1)
    System.Security.AccessControl (6.0.1)
    System.Security.Cryptography.Pkcs (10.0.6)
    System.Security.Cryptography.ProtectedData (10.0.6)
    System.Security.Principal.Windows (5.0)

GROUP Test
RESTRICTION: == net10.0
NUGET
  remote: https://api.nuget.org/v3/index.json
    Azure.Core (1.53)
      Microsoft.Bcl.AsyncInterfaces (>= 10.0.3)
      Microsoft.Extensions.Configuration.Abstractions (>= 10.0.3)
      Microsoft.Extensions.Hosting.Abstractions (>= 10.0.3)
      Microsoft.Identity.Client (>= 4.83.1)
      Microsoft.Identity.Client.Extensions.Msal (>= 4.83.1)
      System.ClientModel (>= 1.10)
      System.Memory.Data (>= 10.0.3)
    Azure.Monitor.OpenTelemetry.Exporter (1.7)
      Azure.Core (>= 1.52)
      OpenTelemetry.Extensions.Hosting (>= 1.15.1)
      OpenTelemetry.PersistentStorage.FileSystem (>= 1.0.2)
    Expecto (10.2.3)
      FSharp.Core (>= 7.0.200)
      Mono.Cecil (>= 0.11.4 < 1.0)
    FSharp.Core (10.1.202)
    Microsoft.ApplicationInsights (3.1)
      Azure.Monitor.OpenTelemetry.Exporter (>= 1.7)
    Microsoft.Bcl.AsyncInterfaces (10.0.6)
    Microsoft.CodeCoverage (18.4)
    Microsoft.Extensions.Configuration (10.0.6)
      Microsoft.Extensions.Configuration.Abstractions (>= 10.0.6)
      Microsoft.Extensions.Primitives (>= 10.0.6)
    Microsoft.Extensions.Configuration.Abstractions (10.0.6)
      Microsoft.Extensions.Primitives (>= 10.0.6)
    Microsoft.Extensions.Configuration.Binder (10.0.6)
      Microsoft.Extensions.Configuration (>= 10.0.6)
      Microsoft.Extensions.Configuration.Abstractions (>= 10.0.6)
    Microsoft.Extensions.DependencyInjection (10.0.6)
      Microsoft.Extensions.DependencyInjection.Abstractions (>= 10.0.6)
    Microsoft.Extensions.DependencyInjection.Abstractions (10.0.6)
    Microsoft.Extensions.Diagnostics.Abstractions (10.0.6)
      Microsoft.Extensions.DependencyInjection.Abstractions (>= 10.0.6)
      Microsoft.Extensions.Options (>= 10.0.6)
    Microsoft.Extensions.FileProviders.Abstractions (10.0.6)
      Microsoft.Extensions.Primitives (>= 10.0.6)
    Microsoft.Extensions.Hosting.Abstractions (10.0.6)
      Microsoft.Extensions.Configuration.Abstractions (>= 10.0.6)
      Microsoft.Extensions.DependencyInjection.Abstractions (>= 10.0.6)
      Microsoft.Extensions.Diagnostics.Abstractions (>= 10.0.6)
      Microsoft.Extensions.FileProviders.Abstractions (>= 10.0.6)
      Microsoft.Extensions.Logging.Abstractions (>= 10.0.6)
    Microsoft.Extensions.Logging (10.0.6)
      Microsoft.Extensions.DependencyInjection (>= 10.0.6)
      Microsoft.Extensions.Logging.Abstractions (>= 10.0.6)
      Microsoft.Extensions.Options (>= 10.0.6)
    Microsoft.Extensions.Logging.Abstractions (10.0.6)
      Microsoft.Extensions.DependencyInjection.Abstractions (>= 10.0.6)
    Microsoft.Extensions.Logging.Configuration (10.0.6)
      Microsoft.Extensions.Configuration (>= 10.0.6)
      Microsoft.Extensions.Configuration.Abstractions (>= 10.0.6)
      Microsoft.Extensions.Configuration.Binder (>= 10.0.6)
      Microsoft.Extensions.DependencyInjection.Abstractions (>= 10.0.6)
      Microsoft.Extensions.Logging (>= 10.0.6)
      Microsoft.Extensions.Logging.Abstractions (>= 10.0.6)
      Microsoft.Extensions.Options (>= 10.0.6)
      Microsoft.Extensions.Options.ConfigurationExtensions (>= 10.0.6)
    Microsoft.Extensions.Options (10.0.6)
      Microsoft.Extensions.DependencyInjection.Abstractions (>= 10.0.6)
      Microsoft.Extensions.Primitives (>= 10.0.6)
    Microsoft.Extensions.Options.ConfigurationExtensions (10.0.6)
      Microsoft.Extensions.Configuration.Abstractions (>= 10.0.6)
      Microsoft.Extensions.Configuration.Binder (>= 10.0.6)
      Microsoft.Extensions.DependencyInjection.Abstractions (>= 10.0.6)
      Microsoft.Extensions.Options (>= 10.0.6)
      Microsoft.Extensions.Primitives (>= 10.0.6)
    Microsoft.Extensions.Primitives (10.0.6)
    Microsoft.Identity.Client (4.83.3)
      Microsoft.IdentityModel.Abstractions (>= 8.14)
      System.Diagnostics.DiagnosticSource (>= 6.0.1)
      System.ValueTuple (>= 4.5)
    Microsoft.Identity.Client.Extensions.Msal (4.83.3)
      Microsoft.Identity.Client (>= 4.83.3)
      System.Security.Cryptography.ProtectedData (>= 4.5)
    Microsoft.IdentityModel.Abstractions (8.17)
    Microsoft.NET.Test.Sdk (18.4)
      Microsoft.CodeCoverage (>= 18.4)
      Microsoft.TestPlatform.TestHost (>= 18.4)
    Microsoft.Testing.Extensions.Telemetry (2.2.1)
      Microsoft.ApplicationInsights (>= 2.23)
      Microsoft.Testing.Platform (>= 2.2.1)
    Microsoft.Testing.Extensions.TrxReport.Abstractions (2.2.1)
      Microsoft.Testing.Platform (>= 2.2.1)
    Microsoft.Testing.Extensions.VSTestBridge (2.2.1)
      Microsoft.Testing.Extensions.Telemetry (>= 2.2.1)
      Microsoft.Testing.Extensions.TrxReport.Abstractions (>= 2.2.1)
      Microsoft.Testing.Platform (>= 2.2.1)
      Microsoft.TestPlatform.ObjectModel (>= 18.3)
    Microsoft.Testing.Platform (2.2.1)
    Microsoft.Testing.Platform.MSBuild (2.2.1)
      Microsoft.Testing.Platform (>= 2.2.1)
    Microsoft.TestPlatform.ObjectModel (18.4)
      System.Reflection.Metadata (>= 8.0)
    Microsoft.TestPlatform.TestHost (18.4)
      Microsoft.TestPlatform.ObjectModel (>= 18.4)
      Newtonsoft.Json (>= 13.0.3)
    Mono.Cecil (0.11.6)
    Newtonsoft.Json (13.0.4)
    OpenTelemetry (1.15.2)
      Microsoft.Extensions.Diagnostics.Abstractions (>= 10.0)
      Microsoft.Extensions.Logging.Configuration (>= 10.0)
      OpenTelemetry.Api.ProviderBuilderExtensions (>= 1.15.2)
    OpenTelemetry.Api (1.15.2)
    OpenTelemetry.Api.ProviderBuilderExtensions (1.15.2)
      Microsoft.Extensions.DependencyInjection.Abstractions (>= 10.0)
      OpenTelemetry.Api (>= 1.15.2)
    OpenTelemetry.Extensions.Hosting (1.15.2)
      Microsoft.Extensions.Hosting.Abstractions (>= 10.0)
      OpenTelemetry (>= 1.15.2)
    OpenTelemetry.PersistentStorage.Abstractions (1.0.2)
    OpenTelemetry.PersistentStorage.FileSystem (1.0.2)
      OpenTelemetry.PersistentStorage.Abstractions (>= 1.0.2)
    System.ClientModel (1.10)
      Microsoft.Extensions.Configuration.Abstractions (>= 10.0.3)
      Microsoft.Extensions.Hosting.Abstractions (>= 10.0.3)
      Microsoft.Extensions.Logging.Abstractions (>= 10.0.3)
      System.Memory.Data (>= 10.0.3)
    System.Diagnostics.DiagnosticSource (10.0.6)
    System.Memory.Data (10.0.6)
    System.Reflection.Metadata (10.0.6)
    System.Security.Cryptography.ProtectedData (10.0.6)
    System.ValueTuple (4.6.2)
    YoloDev.Expecto.TestSdk (0.15.6)
      Expecto (>= 10.2.2 < 11.0)
      FSharp.Core (>= 7.0.200)
      Microsoft.Testing.Extensions.VSTestBridge (>= 1.9.1)
      Microsoft.Testing.Platform.MSBuild (>= 1.9.1)
